// !$*UTF8*$!
{
	archiveVersion = 1;
	classes = {
	};
	objectVersion = 77;
	objects = {

/* Begin PBXBuildFile section */
		268BF03C2E51F438006C6AB4 /* LaunchScreen.storyboard in Resources */ = {isa = PBXBuildFile; fileRef = 268BF03B2E51F438006C6AB4 /* LaunchScreen.storyboard */; };
		268BF03D2E51F438006C6AB4 /* LaunchScreen.storyboard in Resources */ = {isa = PBXBuildFile; fileRef = 268BF03B2E51F438006C6AB4 /* LaunchScreen.storyboard */; };
		268BF1472E52335D006C6AB4 /* Athlete.swift in Sources */ = {isa = PBXBuildFile; fileRef = 268BF11A2E52335D006C6AB4 /* Athlete.swift */; };
		268BF1482E52335D006C6AB4 /* Login.swift in Sources */ = {isa = PBXBuildFile; fileRef = 268BF11B2E52335D006C6AB4 /* Login.swift */; };
		268BF1492E52335D006C6AB4 /* Squad.swift in Sources */ = {isa = PBXBuildFile; fileRef = 268BF11C2E52335D006C6AB4 /* Squad.swift */; };
		268BF14A2E52335D006C6AB4 /* AthletesService.swift in Sources */ = {isa = PBXBuildFile; fileRef = 268BF11E2E52335D006C6AB4 /* AthletesService.swift */; };
		268BF14B2E52335D006C6AB4 /* LoginService.swift in Sources */ = {isa = PBXBuildFile; fileRef = 268BF11F2E52335D006C6AB4 /* LoginService.swift */; };
		268BF14C2E52335D006C6AB4 /* SeviceUtility.swift in Sources */ = {isa = PBXBuildFile; fileRef = 268BF1202E52335D006C6AB4 /* SeviceUtility.swift */; };
		268BF14D2E52335D006C6AB4 /* SquadsService.swift in Sources */ = {isa = PBXBuildFile; fileRef = 268BF1212E52335D006C6AB4 /* SquadsService.swift */; };
		268BF14E2E52335D006C6AB4 /* AtheletsDetailView.swift in Sources */ = {isa = PBXBuildFile; fileRef = 268BF1252E52335D006C6AB4 /* AtheletsDetailView.swift */; };
		268BF14F2E52335D006C6AB4 /* AtheletsSectionLazyStackView.swift in Sources */ = {isa = PBXBuildFile; fileRef = 268BF1262E52335D006C6AB4 /* AtheletsSectionLazyStackView.swift */; };
		268BF1502E52335D006C6AB4 /* AthletesListView.swift in Sources */ = {isa = PBXBuildFile; fileRef = 268BF1272E52335D006C6AB4 /* AthletesListView.swift */; };
		268BF1512E52335D006C6AB4 /* AthleteListItemView.swift in Sources */ = {isa = PBXBuildFile; fileRef = 268BF1292E52335D006C6AB4 /* AthleteListItemView.swift */; };
		268BF1522E52335D006C6AB4 /* AthletesImageView.swift in Sources */ = {isa = PBXBuildFile; fileRef = 268BF12A2E52335D006C6AB4 /* AthletesImageView.swift */; };
		268BF1532E52335D006C6AB4 /* AthletesInfoViews.swift in Sources */ = {isa = PBXBuildFile; fileRef = 268BF12B2E52335D006C6AB4 /* AthletesInfoViews.swift */; };
		268BF1542E52335D006C6AB4 /* LoginView.swift in Sources */ = {isa = PBXBuildFile; fileRef = 268BF12E2E52335D006C6AB4 /* LoginView.swift */; };
		268BF1552E52335D006C6AB4 /* String+Extension.swift in Sources */ = {isa = PBXBuildFile; fileRef = 268BF1302E52335D006C6AB4 /* String+Extension.swift */; };
		268BF1562E52335D006C6AB4 /* ActivityIndicator.swift in Sources */ = {isa = PBXBuildFile; fileRef = 268BF1322E52335D006C6AB4 /* ActivityIndicator.swift */; };
		268BF1572E52335D006C6AB4 /* AttributedText.swift in Sources */ = {isa = PBXBuildFile; fileRef = 268BF1332E52335D006C6AB4 /* AttributedText.swift */; };
		268BF1582E52335D006C6AB4 /* ListErrorView.swift in Sources */ = {isa = PBXBuildFile; fileRef = 268BF1342E52335D006C6AB4 /* ListErrorView.swift */; };
		268BF1592E52335D006C6AB4 /* LoadingViews.swift in Sources */ = {isa = PBXBuildFile; fileRef = 268BF1352E52335D006C6AB4 /* LoadingViews.swift */; };
		268BF15A2E52335D006C6AB4 /* RefreshableScrollView.swift in Sources */ = {isa = PBXBuildFile; fileRef = 268BF1362E52335D006C6AB4 /* RefreshableScrollView.swift */; };
		268BF15B2E52335D006C6AB4 /* StyleManager.swift in Sources */ = {isa = PBXBuildFile; fileRef = 268BF1372E52335D006C6AB4 /* StyleManager.swift */; };
		268BF15C2E52335D006C6AB4 /* KitmanAthletesApp.swift in Sources */ = {isa = PBXBuildFile; fileRef = 268BF1392E52335D006C6AB4 /* KitmanAthletesApp.swift */; };
		268BF15D2E52335D006C6AB4 /* AthleteListBaseViewModel.swift in Sources */ = {isa = PBXBuildFile; fileRef = 268BF13C2E52335D006C6AB4 /* AthleteListBaseViewModel.swift */; };
		268BF15E2E52335D006C6AB4 /* AthleteListViewModel.swift in Sources */ = {isa = PBXBuildFile; fileRef = 268BF13D2E52335D006C6AB4 /* AthleteListViewModel.swift */; };
		268BF15F2E52335D006C6AB4 /* LoginViewModel.swift in Sources */ = {isa = PBXBuildFile; fileRef = 268BF13F2E52335D006C6AB4 /* LoginViewModel.swift */; };
		268BF1602E52335D006C6AB4 /* SquadListBaseViewModel.swift in Sources */ = {isa = PBXBuildFile; fileRef = 268BF1412E52335D006C6AB4 /* SquadListBaseViewModel.swift */; };
		268BF1612E52335D006C6AB4 /* SquadListViewModel.swift in Sources */ = {isa = PBXBuildFile; fileRef = 268BF1422E52335D006C6AB4 /* SquadListViewModel.swift */; };
		268BF1622E52335D006C6AB4 /* Preview Assets.xcassets in Resources */ = {isa = PBXBuildFile; fileRef = 268BF1232E52335D006C6AB4 /* Preview Assets.xcassets */; };
		268BF1632E52335D006C6AB4 /* KitmanLab.png in Resources */ = {isa = PBXBuildFile; fileRef = 268BF13A2E52335D006C6AB4 /* KitmanLab.png */; };
		268BF1642E52335D006C6AB4 /* Assets.xcassets in Resources */ = {isa = PBXBuildFile; fileRef = 268BF1452E52335D006C6AB4 /* Assets.xcassets */; };
		268BF1652E52335D006C6AB4 /* AthletesService.swift in Sources */ = {isa = PBXBuildFile; fileRef = 268BF11E2E52335D006C6AB4 /* AthletesService.swift */; };
		268BF1662E52335D006C6AB4 /* AthletesListView.swift in Sources */ = {isa = PBXBuildFile; fileRef = 268BF1272E52335D006C6AB4 /* AthletesListView.swift */; };
		268BF1672E52335D006C6AB4 /* StyleManager.swift in Sources */ = {isa = PBXBuildFile; fileRef = 268BF1372E52335D006C6AB4 /* StyleManager.swift */; };
		268BF1682E52335D006C6AB4 /* AthleteListBaseViewModel.swift in Sources */ = {isa = PBXBuildFile; fileRef = 268BF13C2E52335D006C6AB4 /* AthleteListBaseViewModel.swift */; };
		268BF1692E52335D006C6AB4 /* AthleteListItemView.swift in Sources */ = {isa = PBXBuildFile; fileRef = 268BF1292E52335D006C6AB4 /* AthleteListItemView.swift */; };
		268BF16A2E52335D006C6AB4 /* ListErrorView.swift in Sources */ = {isa = PBXBuildFile; fileRef = 268BF1342E52335D006C6AB4 /* ListErrorView.swift */; };
		268BF16B2E52335D006C6AB4 /* AthletesImageView.swift in Sources */ = {isa = PBXBuildFile; fileRef = 268BF12A2E52335D006C6AB4 /* AthletesImageView.swift */; };
		268BF16C2E52335D006C6AB4 /* ActivityIndicator.swift in Sources */ = {isa = PBXBuildFile; fileRef = 268BF1322E52335D006C6AB4 /* ActivityIndicator.swift */; };
		268BF16D2E52335D006C6AB4 /* Squad.swift in Sources */ = {isa = PBXBuildFile; fileRef = 268BF11C2E52335D006C6AB4 /* Squad.swift */; };
		268BF16E2E52335D006C6AB4 /* KitmanAthletesApp.swift in Sources */ = {isa = PBXBuildFile; fileRef = 268BF1392E52335D006C6AB4 /* KitmanAthletesApp.swift */; };
		268BF16F2E52335D006C6AB4 /* LoadingViews.swift in Sources */ = {isa = PBXBuildFile; fileRef = 268BF1352E52335D006C6AB4 /* LoadingViews.swift */; };
		268BF1702E52335D006C6AB4 /* AthleteListViewModel.swift in Sources */ = {isa = PBXBuildFile; fileRef = 268BF13D2E52335D006C6AB4 /* AthleteListViewModel.swift */; };
		268BF1712E52335D006C6AB4 /* AtheletsSectionLazyStackView.swift in Sources */ = {isa = PBXBuildFile; fileRef = 268BF1262E52335D006C6AB4 /* AtheletsSectionLazyStackView.swift */; };
		268BF1722E52335D006C6AB4 /* LoginView.swift in Sources */ = {isa = PBXBuildFile; fileRef = 268BF12E2E52335D006C6AB4 /* LoginView.swift */; };
		268BF1732E52335D006C6AB4 /* LoginService.swift in Sources */ = {isa = PBXBuildFile; fileRef = 268BF11F2E52335D006C6AB4 /* LoginService.swift */; };
		268BF1742E52335D006C6AB4 /* AttributedText.swift in Sources */ = {isa = PBXBuildFile; fileRef = 268BF1332E52335D006C6AB4 /* AttributedText.swift */; };
		268BF1752E52335D006C6AB4 /* String+Extension.swift in Sources */ = {isa = PBXBuildFile; fileRef = 268BF1302E52335D006C6AB4 /* String+Extension.swift */; };
		268BF1762E52335D006C6AB4 /* Login.swift in Sources */ = {isa = PBXBuildFile; fileRef = 268BF11B2E52335D006C6AB4 /* Login.swift */; };
		268BF1772E52335D006C6AB4 /* AtheletsDetailView.swift in Sources */ = {isa = PBXBuildFile; fileRef = 268BF1252E52335D006C6AB4 /* AtheletsDetailView.swift */; };
		268BF1782E52335D006C6AB4 /* SquadListBaseViewModel.swift in Sources */ = {isa = PBXBuildFile; fileRef = 268BF1412E52335D006C6AB4 /* SquadListBaseViewModel.swift */; };
		268BF1792E52335D006C6AB4 /* SquadListViewModel.swift in Sources */ = {isa = PBXBuildFile; fileRef = 268BF1422E52335D006C6AB4 /* SquadListViewModel.swift */; };
		268BF17A2E52335D006C6AB4 /* SeviceUtility.swift in Sources */ = {isa = PBXBuildFile; fileRef = 268BF1202E52335D006C6AB4 /* SeviceUtility.swift */; };
		268BF17B2E52335D006C6AB4 /* RefreshableScrollView.swift in Sources */ = {isa = PBXBuildFile; fileRef = 268BF1362E52335D006C6AB4 /* RefreshableScrollView.swift */; };
		268BF17C2E52335D006C6AB4 /* LoginViewModel.swift in Sources */ = {isa = PBXBuildFile; fileRef = 268BF13F2E52335D006C6AB4 /* LoginViewModel.swift */; };
		268BF17D2E52335D006C6AB4 /* Athlete.swift in Sources */ = {isa = PBXBuildFile; fileRef = 268BF11A2E52335D006C6AB4 /* Athlete.swift */; };
		268BF17E2E52335D006C6AB4 /* AthletesInfoViews.swift in Sources */ = {isa = PBXBuildFile; fileRef = 268BF12B2E52335D006C6AB4 /* AthletesInfoViews.swift */; };
		268BF17F2E52335D006C6AB4 /* SquadsService.swift in Sources */ = {isa = PBXBuildFile; fileRef = 268BF1212E52335D006C6AB4 /* SquadsService.swift */; };
		268BF1802E52335D006C6AB4 /* KitmanLab.png in Resources */ = {isa = PBXBuildFile; fileRef = 268BF13A2E52335D006C6AB4 /* KitmanLab.png */; };
		268BF1812E52335D006C6AB4 /* AthletesService.swift in Sources */ = {isa = PBXBuildFile; fileRef = 268BF11E2E52335D006C6AB4 /* AthletesService.swift */; };
		268BF1822E52335D006C6AB4 /* LoginService.swift in Sources */ = {isa = PBXBuildFile; fileRef = 268BF11F2E52335D006C6AB4 /* LoginService.swift */; };
		268BF1832E52335D006C6AB4 /* SeviceUtility.swift in Sources */ = {isa = PBXBuildFile; fileRef = 268BF1202E52335D006C6AB4 /* SeviceUtility.swift */; };
		268BF1842E52335D006C6AB4 /* SquadsService.swift in Sources */ = {isa = PBXBuildFile; fileRef = 268BF1212E52335D006C6AB4 /* SquadsService.swift */; };
/* End PBXBuildFile section */

/* Begin PBXContainerItemProxy section */
		268D972E2E50B10A000B1B07 /* PBXContainerItemProxy */ = {
			isa = PBXContainerItemProxy;
			containerPortal = 268D97152E50B108000B1B07 /* Project object */;
			proxyType = 1;
			remoteGlobalIDString = 268D971C2E50B108000B1B07;
			remoteInfo = KitmanAthletes;
		};
		268D97382E50B10A000B1B07 /* PBXContainerItemProxy */ = {
			isa = PBXContainerItemProxy;
			containerPortal = 268D97152E50B108000B1B07 /* Project object */;
			proxyType = 1;
			remoteGlobalIDString = 268D971C2E50B108000B1B07;
			remoteInfo = KitmanAthletes;
		};
/* End PBXContainerItemProxy section */

/* Begin PBXFileReference section */
		268BF03B2E51F438006C6AB4 /* LaunchScreen.storyboard */ = {isa = PBXFileReference; lastKnownFileType = file.storyboard; path = LaunchScreen.storyboard; sourceTree = "<group>"; };
		268BF11A2E52335D006C6AB4 /* Athlete.swift */ = {isa = PBXFileReference; lastKnownFileType = sourcecode.swift; path = Athlete.swift; sourceTree = "<group>"; };
		268BF11B2E52335D006C6AB4 /* Login.swift */ = {isa = PBXFileReference; lastKnownFileType = sourcecode.swift; path = Login.swift; sourceTree = "<group>"; };
		268BF11C2E52335D006C6AB4 /* Squad.swift */ = {isa = PBXFileReference; lastKnownFileType = sourcecode.swift; path = Squad.swift; sourceTree = "<group>"; };
		268BF11E2E52335D006C6AB4 /* AthletesService.swift */ = {isa = PBXFileReference; lastKnownFileType = sourcecode.swift; path = AthletesService.swift; sourceTree = "<group>"; };
		268BF11F2E52335D006C6AB4 /* LoginService.swift */ = {isa = PBXFileReference; lastKnownFileType = sourcecode.swift; path = LoginService.swift; sourceTree = "<group>"; };
		268BF1202E52335D006C6AB4 /* SeviceUtility.swift */ = {isa = PBXFileReference; lastKnownFileType = sourcecode.swift; path = SeviceUtility.swift; sourceTree = "<group>"; };
		268BF1212E52335D006C6AB4 /* SquadsService.swift */ = {isa = PBXFileReference; lastKnownFileType = sourcecode.swift; path = SquadsService.swift; sourceTree = "<group>"; };
		268BF1232E52335D006C6AB4 /* Preview Assets.xcassets */ = {isa = PBXFileReference; lastKnownFileType = folder.assetcatalog; path = "Preview Assets.xcassets"; sourceTree = "<group>"; };
		268BF1252E52335D006C6AB4 /* AtheletsDetailView.swift */ = {isa = PBXFileReference; lastKnownFileType = sourcecode.swift; path = AtheletsDetailView.swift; sourceTree = "<group>"; };
		268BF1262E52335D006C6AB4 /* AtheletsSectionLazyStackView.swift */ = {isa = PBXFileReference; lastKnownFileType = sourcecode.swift; path = AtheletsSectionLazyStackView.swift; sourceTree = "<group>"; };
		268BF1272E52335D006C6AB4 /* AthletesListView.swift */ = {isa = PBXFileReference; lastKnownFileType = sourcecode.swift; path = AthletesListView.swift; sourceTree = "<group>"; };
		268BF1292E52335D006C6AB4 /* AthleteListItemView.swift */ = {isa = PBXFileReference; lastKnownFileType = sourcecode.swift; path = AthleteListItemView.swift; sourceTree = "<group>"; };
		268BF12A2E52335D006C6AB4 /* AthletesImageView.swift */ = {isa = PBXFileReference; lastKnownFileType = sourcecode.swift; path = AthletesImageView.swift; sourceTree = "<group>"; };
		268BF12B2E52335D006C6AB4 /* AthletesInfoViews.swift */ = {isa = PBXFileReference; lastKnownFileType = sourcecode.swift; path = AthletesInfoViews.swift; sourceTree = "<group>"; };
		268BF12E2E52335D006C6AB4 /* LoginView.swift */ = {isa = PBXFileReference; lastKnownFileType = sourcecode.swift; path = LoginView.swift; sourceTree = "<group>"; };
		268BF1302E52335D006C6AB4 /* String+Extension.swift */ = {isa = PBXFileReference; lastKnownFileType = sourcecode.swift; path = "String+Extension.swift"; sourceTree = "<group>"; };
		268BF1322E52335D006C6AB4 /* ActivityIndicator.swift */ = {isa = PBXFileReference; lastKnownFileType = sourcecode.swift; path = ActivityIndicator.swift; sourceTree = "<group>"; };
		268BF1332E52335D006C6AB4 /* AttributedText.swift */ = {isa = PBXFileReference; lastKnownFileType = sourcecode.swift; path = AttributedText.swift; sourceTree = "<group>"; };
		268BF1342E52335D006C6AB4 /* ListErrorView.swift */ = {isa = PBXFileReference; lastKnownFileType = sourcecode.swift; path = ListErrorView.swift; sourceTree = "<group>"; };
		268BF1352E52335D006C6AB4 /* LoadingViews.swift */ = {isa = PBXFileReference; lastKnownFileType = sourcecode.swift; path = LoadingViews.swift; sourceTree = "<group>"; };
		268BF1362E52335D006C6AB4 /* RefreshableScrollView.swift */ = {isa = PBXFileReference; lastKnownFileType = sourcecode.swift; path = RefreshableScrollView.swift; sourceTree = "<group>"; };
		268BF1372E52335D006C6AB4 /* StyleManager.swift */ = {isa = PBXFileReference; lastKnownFileType = sourcecode.swift; path = StyleManager.swift; sourceTree = "<group>"; };
		268BF1392E52335D006C6AB4 /* KitmanAthletesApp.swift */ = {isa = PBXFileReference; lastKnownFileType = sourcecode.swift; path = KitmanAthletesApp.swift; sourceTree = "<group>"; };
		268BF13A2E52335D006C6AB4 /* KitmanLab.png */ = {isa = PBXFileReference; lastKnownFileType = image.png; path = KitmanLab.png; sourceTree = "<group>"; };
		268BF13C2E52335D006C6AB4 /* AthleteListBaseViewModel.swift */ = {isa = PBXFileReference; lastKnownFileType = sourcecode.swift; path = AthleteListBaseViewModel.swift; sourceTree = "<group>"; };
		268BF13D2E52335D006C6AB4 /* AthleteListViewModel.swift */ = {isa = PBXFileReference; lastKnownFileType = sourcecode.swift; path = AthleteListViewModel.swift; sourceTree = "<group>"; };
		268BF13F2E52335D006C6AB4 /* LoginViewModel.swift */ = {isa = PBXFileReference; lastKnownFileType = sourcecode.swift; path = LoginViewModel.swift; sourceTree = "<group>"; };
		268BF1412E52335D006C6AB4 /* SquadListBaseViewModel.swift */ = {isa = PBXFileReference; lastKnownFileType = sourcecode.swift; path = SquadListBaseViewModel.swift; sourceTree = "<group>"; };
		268BF1422E52335D006C6AB4 /* SquadListViewModel.swift */ = {isa = PBXFileReference; lastKnownFileType = sourcecode.swift; path = SquadListViewModel.swift; sourceTree = "<group>"; };
		268BF1452E52335D006C6AB4 /* Assets.xcassets */ = {isa = PBXFileReference; lastKnownFileType = folder.assetcatalog; path = Assets.xcassets; sourceTree = "<group>"; };
		268D971D2E50B108000B1B07 /* KitmanAthletes.app */ = {isa = PBXFileReference; explicitFileType = wrapper.application; includeInIndex = 0; path = KitmanAthletes.app; sourceTree = BUILT_PRODUCTS_DIR; };
		268D972D2E50B10A000B1B07 /* KitmanAthletesTests.xctest */ = {isa = PBXFileReference; explicitFileType = wrapper.cfbundle; includeInIndex = 0; path = KitmanAthletesTests.xctest; sourceTree = BUILT_PRODUCTS_DIR; };
		268D97372E50B10A000B1B07 /* KitmanAthletesUITests.xctest */ = {isa = PBXFileReference; explicitFileType = wrapper.cfbundle; includeInIndex = 0; path = KitmanAthletesUITests.xctest; sourceTree = BUILT_PRODUCTS_DIR; };
/* End PBXFileReference section */

/* Begin PBXFileSystemSynchronizedRootGroup section */
		268D97302E50B10A000B1B07 /* KitmanAthletesTests */ = {
			isa = PBXFileSystemSynchronizedRootGroup;
			path = KitmanAthletesTests;
			sourceTree = "<group>";
		};
		268D973A2E50B10A000B1B07 /* KitmanAthletesUITests */ = {
			isa = PBXFileSystemSynchronizedRootGroup;
			path = KitmanAthletesUITests;
			sourceTree = "<group>";
		};
/* End PBXFileSystemSynchronizedRootGroup section */

/* Begin PBXFrameworksBuildPhase section */
		268D971A2E50B108000B1B07 /* Frameworks */ = {
			isa = PBXFrameworksBuildPhase;
			buildActionMask = 2147483647;
			files = (
			);
			runOnlyForDeploymentPostprocessing = 0;
		};
		268D972A2E50B10A000B1B07 /* Frameworks */ = {
			isa = PBXFrameworksBuildPhase;
			buildActionMask = 2147483647;
			files = (
			);
			runOnlyForDeploymentPostprocessing = 0;
		};
		268D97342E50B10A000B1B07 /* Frameworks */ = {
			isa = PBXFrameworksBuildPhase;
			buildActionMask = 2147483647;
			files = (
			);
			runOnlyForDeploymentPostprocessing = 0;
		};
/* End PBXFrameworksBuildPhase section */

/* Begin PBXGroup section */
		268BF11D2E52335D006C6AB4 /* APIModels */ = {
			isa = PBXGroup;
			children = (
				268BF11B2E52335D006C6AB4 /* Login.swift */,
				268BF11A2E52335D006C6AB4 /* Athlete.swift */,
				268BF11C2E52335D006C6AB4 /* Squad.swift */,
			);
			path = APIModels;
			sourceTree = "<group>";
		};
		268BF1222E52335D006C6AB4 /* APIServices */ = {
			isa = PBXGroup;
			children = (
				268BF11F2E52335D006C6AB4 /* LoginService.swift */,
				268BF11E2E52335D006C6AB4 /* AthletesService.swift */,
				268BF1212E52335D006C6AB4 /* SquadsService.swift */,
				268BF1202E52335D006C6AB4 /* SeviceUtility.swift */,
			);
			path = APIServices;
			sourceTree = "<group>";
		};
		268BF1242E52335D006C6AB4 /* Preview Content */ = {
			isa = PBXGroup;
			children = (
				268BF1232E52335D006C6AB4 /* Preview Assets.xcassets */,
			);
			path = "Preview Content";
			sourceTree = "<group>";
		};
		268BF1282E52335D006C6AB4 /* AthletesList&DetailViews */ = {
			isa = PBXGroup;
			children = (
				268BF1272E52335D006C6AB4 /* AthletesListView.swift */,
				268BF1262E52335D006C6AB4 /* AtheletsSectionLazyStackView.swift */,
				268BF1252E52335D006C6AB4 /* AtheletsDetailView.swift */,
			);
			path = "AthletesList&DetailViews";
			sourceTree = "<group>";
		};
		268BF12C2E52335D006C6AB4 /* AthletesListSubViews */ = {
			isa = PBXGroup;
			children = (
				268BF1292E52335D006C6AB4 /* AthleteListItemView.swift */,
				268BF12A2E52335D006C6AB4 /* AthletesImageView.swift */,
				268BF12B2E52335D006C6AB4 /* AthletesInfoViews.swift */,
			);
			path = AthletesListSubViews;
			sourceTree = "<group>";
		};
		268BF12D2E52335D006C6AB4 /* Atheletes */ = {
			isa = PBXGroup;
			children = (
				268BF1282E52335D006C6AB4 /* AthletesList&DetailViews */,
				268BF12C2E52335D006C6AB4 /* AthletesListSubViews */,
			);
			path = Atheletes;
			sourceTree = "<group>";
		};
		268BF12F2E52335D006C6AB4 /* LoginViews */ = {
			isa = PBXGroup;
			children = (
				268BF12E2E52335D006C6AB4 /* LoginView.swift */,
			);
			path = LoginViews;
			sourceTree = "<group>";
		};
		268BF1312E52335D006C6AB4 /* UI Extension */ = {
			isa = PBXGroup;
			children = (
				268BF1302E52335D006C6AB4 /* String+Extension.swift */,
			);
			path = "UI Extension";
			sourceTree = "<group>";
		};
		268BF1382E52335D006C6AB4 /* UI Utilities */ = {
			isa = PBXGroup;
			children = (
				268BF1312E52335D006C6AB4 /* UI Extension */,
				268BF1322E52335D006C6AB4 /* ActivityIndicator.swift */,
				268BF1332E52335D006C6AB4 /* AttributedText.swift */,
				268BF1342E52335D006C6AB4 /* ListErrorView.swift */,
				268BF1352E52335D006C6AB4 /* LoadingViews.swift */,
				268BF1362E52335D006C6AB4 /* RefreshableScrollView.swift */,
				268BF1372E52335D006C6AB4 /* StyleManager.swift */,
			);
			path = "UI Utilities";
			sourceTree = "<group>";
		};
		268BF13B2E52335D006C6AB4 /* UI */ = {
			isa = PBXGroup;
			children = (
				268BF12F2E52335D006C6AB4 /* LoginViews */,
				268BF12D2E52335D006C6AB4 /* Atheletes */,
				268BF1382E52335D006C6AB4 /* UI Utilities */,
			);
			path = UI;
			sourceTree = "<group>";
		};
		268BF13E2E52335D006C6AB4 /* AthleteVM */ = {
			isa = PBXGroup;
			children = (
				268BF13C2E52335D006C6AB4 /* AthleteListBaseViewModel.swift */,
				268BF13D2E52335D006C6AB4 /* AthleteListViewModel.swift */,
			);
			path = AthleteVM;
			sourceTree = "<group>";
		};
		268BF1402E52335D006C6AB4 /* LoginVM */ = {
			isa = PBXGroup;
			children = (
				268BF13F2E52335D006C6AB4 /* LoginViewModel.swift */,
			);
			path = LoginVM;
			sourceTree = "<group>";
		};
		268BF1432E52335D006C6AB4 /* SquadVM */ = {
			isa = PBXGroup;
			children = (
				268BF1412E52335D006C6AB4 /* SquadListBaseViewModel.swift */,
				268BF1422E52335D006C6AB4 /* SquadListViewModel.swift */,
			);
			path = SquadVM;
			sourceTree = "<group>";
		};
		268BF1442E52335D006C6AB4 /* ViewModel */ = {
			isa = PBXGroup;
			children = (
				268BF1402E52335D006C6AB4 /* LoginVM */,
				268BF13E2E52335D006C6AB4 /* AthleteVM */,
				268BF1432E52335D006C6AB4 /* SquadVM */,
			);
			path = ViewModel;
			sourceTree = "<group>";
		};
		268BF1462E52335D006C6AB4 /* KitmanAthletes */ = {
			isa = PBXGroup;
			children = (
				268BF1392E52335D006C6AB4 /* KitmanAthletesApp.swift */,
				268BF1222E52335D006C6AB4 /* APIServices */,
				268BF13B2E52335D006C6AB4 /* UI */,
				268BF1442E52335D006C6AB4 /* ViewModel */,
				268BF11D2E52335D006C6AB4 /* APIModels */,
				268BF13A2E52335D006C6AB4 /* KitmanLab.png */,
				268BF1452E52335D006C6AB4 /* Assets.xcassets */,
			);
			path = KitmanAthletes;
			sourceTree = "<group>";
		};
		268D97142E50B108000B1B07 = {
			isa = PBXGroup;
			children = (
				268BF03B2E51F438006C6AB4 /* LaunchScreen.storyboard */,
				268BF1462E52335D006C6AB4 /* KitmanAthletes */,
				268BF1242E52335D006C6AB4 /* Preview Content */,
				268D97302E50B10A000B1B07 /* KitmanAthletesTests */,
				268D973A2E50B10A000B1B07 /* KitmanAthletesUITests */,
				268D971E2E50B108000B1B07 /* Products */,
			);
			sourceTree = "<group>";
		};
		268D971E2E50B108000B1B07 /* Products */ = {
			isa = PBXGroup;
			children = (
				268D971D2E50B108000B1B07 /* KitmanAthletes.app */,
				268D972D2E50B10A000B1B07 /* KitmanAthletesTests.xctest */,
				268D97372E50B10A000B1B07 /* KitmanAthletesUITests.xctest */,
			);
			name = Products;
			sourceTree = "<group>";
		};
/* End PBXGroup section */

/* Begin PBXNativeTarget section */
		268D971C2E50B108000B1B07 /* KitmanAthletes */ = {
			isa = PBXNativeTarget;
			buildConfigurationList = 268D97412E50B10A000B1B07 /* Build configuration list for PBXNativeTarget "KitmanAthletes" */;
			buildPhases = (
				268D97192E50B108000B1B07 /* Sources */,
				268D971A2E50B108000B1B07 /* Frameworks */,
				268D971B2E50B108000B1B07 /* Resources */,
			);
			buildRules = (
			);
			dependencies = (
			);
			name = KitmanAthletes;
			packageProductDependencies = (
			);
			productName = KitmanAthletes;
			productReference = 268D971D2E50B108000B1B07 /* KitmanAthletes.app */;
			productType = "com.apple.product-type.application";
		};
		268D972C2E50B10A000B1B07 /* KitmanAthletesTests */ = {
			isa = PBXNativeTarget;
			buildConfigurationList = 268D97442E50B10A000B1B07 /* Build configuration list for PBXNativeTarget "KitmanAthletesTests" */;
			buildPhases = (
				268D97292E50B10A000B1B07 /* Sources */,
				268D972A2E50B10A000B1B07 /* Frameworks */,
				268D972B2E50B10A000B1B07 /* Resources */,
			);
			buildRules = (
			);
			dependencies = (
				268D972F2E50B10A000B1B07 /* PBXTargetDependency */,
			);
			fileSystemSynchronizedGroups = (
				268D97302E50B10A000B1B07 /* KitmanAthletesTests */,
			);
			name = KitmanAthletesTests;
			packageProductDependencies = (
			);
			productName = KitmanAthletesTests;
			productReference = 268D972D2E50B10A000B1B07 /* KitmanAthletesTests.xctest */;
			productType = "com.apple.product-type.bundle.unit-test";
		};
		268D97362E50B10A000B1B07 /* KitmanAthletesUITests */ = {
			isa = PBXNativeTarget;
			buildConfigurationList = 268D97472E50B10A000B1B07 /* Build configuration list for PBXNativeTarget "KitmanAthletesUITests" */;
			buildPhases = (
				268D97332E50B10A000B1B07 /* Sources */,
				268D97342E50B10A000B1B07 /* Frameworks */,
				268D97352E50B10A000B1B07 /* Resources */,
			);
			buildRules = (
			);
			dependencies = (
				268D97392E50B10A000B1B07 /* PBXTargetDependency */,
			);
			fileSystemSynchronizedGroups = (
				268D973A2E50B10A000B1B07 /* KitmanAthletesUITests */,
			);
			name = KitmanAthletesUITests;
			packageProductDependencies = (
			);
			productName = KitmanAthletesUITests;
			productReference = 268D97372E50B10A000B1B07 /* KitmanAthletesUITests.xctest */;
			productType = "com.apple.product-type.bundle.ui-testing";
		};
/* End PBXNativeTarget section */

/* Begin PBXProject section */
		268D97152E50B108000B1B07 /* Project object */ = {
			isa = PBXProject;
			attributes = {
				BuildIndependentTargetsInParallel = 1;
				LastSwiftUpdateCheck = 1620;
				LastUpgradeCheck = 1620;
				TargetAttributes = {
					268D971C2E50B108000B1B07 = {
						CreatedOnToolsVersion = 16.2;
					};
					268D972C2E50B10A000B1B07 = {
						CreatedOnToolsVersion = 16.2;
						TestTargetID = 268D971C2E50B108000B1B07;
					};
					268D97362E50B10A000B1B07 = {
						CreatedOnToolsVersion = 16.2;
						TestTargetID = 268D971C2E50B108000B1B07;
					};
				};
			};
			buildConfigurationList = 268D97182E50B108000B1B07 /* Build configuration list for PBXProject "KitmanAthletes" */;
			developmentRegion = en;
			hasScannedForEncodings = 0;
			knownRegions = (
				en,
				Base,
			);
			mainGroup = 268D97142E50B108000B1B07;
			minimizedProjectReferenceProxies = 1;
			preferredProjectObjectVersion = 77;
			productRefGroup = 268D971E2E50B108000B1B07 /* Products */;
			projectDirPath = "";
			projectRoot = "";
			targets = (
				268D971C2E50B108000B1B07 /* KitmanAthletes */,
				268D972C2E50B10A000B1B07 /* KitmanAthletesTests */,
				268D97362E50B10A000B1B07 /* KitmanAthletesUITests */,
			);
		};
/* End PBXProject section */

/* Begin PBXResourcesBuildPhase section */
		268D971B2E50B108000B1B07 /* Resources */ = {
			isa = PBXResourcesBuildPhase;
			buildActionMask = 2147483647;
			files = (
				268BF03C2E51F438006C6AB4 /* LaunchScreen.storyboard in Resources */,
				268BF1622E52335D006C6AB4 /* Preview Assets.xcassets in Resources */,
				268BF1632E52335D006C6AB4 /* KitmanLab.png in Resources */,
				268BF1642E52335D006C6AB4 /* Assets.xcassets in Resources */,
			);
			runOnlyForDeploymentPostprocessing = 0;
		};
		268D972B2E50B10A000B1B07 /* Resources */ = {
			isa = PBXResourcesBuildPhase;
			buildActionMask = 2147483647;
			files = (
				268BF03D2E51F438006C6AB4 /* LaunchScreen.storyboard in Resources */,
				268BF1802E52335D006C6AB4 /* KitmanLab.png in Resources */,
			);
			runOnlyForDeploymentPostprocessing = 0;
		};
		268D97352E50B10A000B1B07 /* Resources */ = {
			isa = PBXResourcesBuildPhase;
			buildActionMask = 2147483647;
			files = (
			);
			runOnlyForDeploymentPostprocessing = 0;
		};
/* End PBXResourcesBuildPhase section */

/* Begin PBXSourcesBuildPhase section */
		268D97192E50B108000B1B07 /* Sources */ = {
			isa = PBXSourcesBuildPhase;
			buildActionMask = 2147483647;
			files = (
				268BF1472E52335D006C6AB4 /* Athlete.swift in Sources */,
				268BF1482E52335D006C6AB4 /* Login.swift in Sources */,
				268BF1492E52335D006C6AB4 /* Squad.swift in Sources */,
				268BF14A2E52335D006C6AB4 /* AthletesService.swift in Sources */,
				268BF14B2E52335D006C6AB4 /* LoginService.swift in Sources */,
				268BF14C2E52335D006C6AB4 /* SeviceUtility.swift in Sources */,
				268BF14D2E52335D006C6AB4 /* SquadsService.swift in Sources */,
				268BF14E2E52335D006C6AB4 /* AtheletsDetailView.swift in Sources */,
				268BF14F2E52335D006C6AB4 /* AtheletsSectionLazyStackView.swift in Sources */,
				268BF1502E52335D006C6AB4 /* AthletesListView.swift in Sources */,
				268BF1512E52335D006C6AB4 /* AthleteListItemView.swift in Sources */,
				268BF1522E52335D006C6AB4 /* AthletesImageView.swift in Sources */,
				268BF1532E52335D006C6AB4 /* AthletesInfoViews.swift in Sources */,
				268BF1542E52335D006C6AB4 /* LoginView.swift in Sources */,
				268BF1552E52335D006C6AB4 /* String+Extension.swift in Sources */,
				268BF1562E52335D006C6AB4 /* ActivityIndicator.swift in Sources */,
				268BF1572E52335D006C6AB4 /* AttributedText.swift in Sources */,
				268BF1582E52335D006C6AB4 /* ListErrorView.swift in Sources */,
				268BF1592E52335D006C6AB4 /* LoadingViews.swift in Sources */,
				268BF15A2E52335D006C6AB4 /* RefreshableScrollView.swift in Sources */,
				268BF15B2E52335D006C6AB4 /* StyleManager.swift in Sources */,
				268BF15C2E52335D006C6AB4 /* KitmanAthletesApp.swift in Sources */,
				268BF15D2E52335D006C6AB4 /* AthleteListBaseViewModel.swift in Sources */,
				268BF15E2E52335D006C6AB4 /* AthleteListViewModel.swift in Sources */,
				268BF15F2E52335D006C6AB4 /* LoginViewModel.swift in Sources */,
				268BF1602E52335D006C6AB4 /* SquadListBaseViewModel.swift in Sources */,
				268BF1612E52335D006C6AB4 /* SquadListViewModel.swift in Sources */,
			);
			runOnlyForDeploymentPostprocessing = 0;
		};
		268D97292E50B10A000B1B07 /* Sources */ = {
			isa = PBXSourcesBuildPhase;
			buildActionMask = 2147483647;
			files = (
				268BF1652E52335D006C6AB4 /* AthletesService.swift in Sources */,
				268BF1662E52335D006C6AB4 /* AthletesListView.swift in Sources */,
				268BF1672E52335D006C6AB4 /* StyleManager.swift in Sources */,
				268BF1682E52335D006C6AB4 /* AthleteListBaseViewModel.swift in Sources */,
				268BF1692E52335D006C6AB4 /* AthleteListItemView.swift in Sources */,
				268BF16A2E52335D006C6AB4 /* ListErrorView.swift in Sources */,
				268BF16B2E52335D006C6AB4 /* AthletesImageView.swift in Sources */,
				268BF16C2E52335D006C6AB4 /* ActivityIndicator.swift in Sources */,
				268BF16D2E52335D006C6AB4 /* Squad.swift in Sources */,
				268BF16E2E52335D006C6AB4 /* KitmanAthletesApp.swift in Sources */,
				268BF16F2E52335D006C6AB4 /* LoadingViews.swift in Sources */,
				268BF1702E52335D006C6AB4 /* AthleteListViewModel.swift in Sources */,
				268BF1712E52335D006C6AB4 /* AtheletsSectionLazyStackView.swift in Sources */,
				268BF1722E52335D006C6AB4 /* LoginView.swift in Sources */,
				268BF1732E52335D006C6AB4 /* LoginService.swift in Sources */,
				268BF1742E52335D006C6AB4 /* AttributedText.swift in Sources */,
				268BF1752E52335D006C6AB4 /* String+Extension.swift in Sources */,
				268BF1762E52335D006C6AB4 /* Login.swift in Sources */,
				268BF1772E52335D006C6AB4 /* AtheletsDetailView.swift in Sources */,
				268BF1782E52335D006C6AB4 /* SquadListBaseViewModel.swift in Sources */,
				268BF1792E52335D006C6AB4 /* SquadListViewModel.swift in Sources */,
				268BF17A2E52335D006C6AB4 /* SeviceUtility.swift in Sources */,
				268BF17B2E52335D006C6AB4 /* RefreshableScrollView.swift in Sources */,
				268BF17C2E52335D006C6AB4 /* LoginViewModel.swift in Sources */,
				268BF17D2E52335D006C6AB4 /* Athlete.swift in Sources */,
				268BF17E2E52335D006C6AB4 /* AthletesInfoViews.swift in Sources */,
				268BF17F2E52335D006C6AB4 /* SquadsService.swift in Sources */,
			);
			runOnlyForDeploymentPostprocessing = 0;
		};
		268D97332E50B10A000B1B07 /* Sources */ = {
			isa = PBXSourcesBuildPhase;
			buildActionMask = 2147483647;
			files = (
				268BF1812E52335D006C6AB4 /* AthletesService.swift in Sources */,
				268BF1822E52335D006C6AB4 /* LoginService.swift in Sources */,
				268BF1832E52335D006C6AB4 /* SeviceUtility.swift in Sources */,
				268BF1842E52335D006C6AB4 /* SquadsService.swift in Sources */,
			);
			runOnlyForDeploymentPostprocessing = 0;
		};
/* End PBXSourcesBuildPhase section */

/* Begin PBXTargetDependency section */
		268D972F2E50B10A000B1B07 /* PBXTargetDependency */ = {
			isa = PBXTargetDependency;
			target = 268D971C2E50B108000B1B07 /* KitmanAthletes */;
			targetProxy = 268D972E2E50B10A000B1B07 /* PBXContainerItemProxy */;
		};
		268D97392E50B10A000B1B07 /* PBXTargetDependency */ = {
			isa = PBXTargetDependency;
			target = 268D971C2E50B108000B1B07 /* KitmanAthletes */;
			targetProxy = 268D97382E50B10A000B1B07 /* PBXContainerItemProxy */;
		};
/* End PBXTargetDependency section */

/* Begin XCBuildConfiguration section */
		268D973F2E50B10A000B1B07 /* Debug */ = {
			isa = XCBuildConfiguration;
			buildSettings = {
				ALWAYS_SEARCH_USER_PATHS = NO;
				ASSETCATALOG_COMPILER_GENERATE_SWIFT_ASSET_SYMBOL_EXTENSIONS = YES;
				CLANG_ANALYZER_NONNULL = YES;
				CLANG_ANALYZER_NUMBER_OBJECT_CONVERSION = YES_AGGRESSIVE;
				CLANG_CXX_LANGUAGE_STANDARD = "gnu++20";
				CLANG_ENABLE_MODULES = YES;
				CLANG_ENABLE_OBJC_ARC = YES;
				CLANG_ENABLE_OBJC_WEAK = YES;
				CLANG_WARN_BLOCK_CAPTURE_AUTORELEASING = YES;
				CLANG_WARN_BOOL_CONVERSION = YES;
				CLANG_WARN_COMMA = YES;
				CLANG_WARN_CONSTANT_CONVERSION = YES;
				CLANG_WARN_DEPRECATED_OBJC_IMPLEMENTATIONS = YES;
				CLANG_WARN_DIRECT_OBJC_ISA_USAGE = YES_ERROR;
				CLANG_WARN_DOCUMENTATION_COMMENTS = YES;
				CLANG_WARN_EMPTY_BODY = YES;
				CLANG_WARN_ENUM_CONVERSION = YES;
				CLANG_WARN_INFINITE_RECURSION = YES;
				CLANG_WARN_INT_CONVERSION = YES;
				CLANG_WARN_NON_LITERAL_NULL_CONVERSION = YES;
				CLANG_WARN_OBJC_IMPLICIT_RETAIN_SELF = YES;
				CLANG_WARN_OBJC_LITERAL_CONVERSION = YES;
				CLANG_WARN_OBJC_ROOT_CLASS = YES_ERROR;
				CLANG_WARN_QUOTED_INCLUDE_IN_FRAMEWORK_HEADER = YES;
				CLANG_WARN_RANGE_LOOP_ANALYSIS = YES;
				CLANG_WARN_STRICT_PROTOTYPES = YES;
				CLANG_WARN_SUSPICIOUS_MOVE = YES;
				CLANG_WARN_UNGUARDED_AVAILABILITY = YES_AGGRESSIVE;
				CLANG_WARN_UNREACHABLE_CODE = YES;
				CLANG_WARN__DUPLICATE_METHOD_MATCH = YES;
				COPY_PHASE_STRIP = NO;
				DEBUG_INFORMATION_FORMAT = dwarf;
				ENABLE_STRICT_OBJC_MSGSEND = YES;
				ENABLE_TESTABILITY = YES;
				ENABLE_USER_SCRIPT_SANDBOXING = YES;
				GCC_C_LANGUAGE_STANDARD = gnu17;
				GCC_DYNAMIC_NO_PIC = NO;
				GCC_NO_COMMON_BLOCKS = YES;
				GCC_OPTIMIZATION_LEVEL = 0;
				GCC_PREPROCESSOR_DEFINITIONS = (
					"DEBUG=1",
					"$(inherited)",
				);
				GCC_WARN_64_TO_32_BIT_CONVERSION = YES;
				GCC_WARN_ABOUT_RETURN_TYPE = YES_ERROR;
				GCC_WARN_UNDECLARED_SELECTOR = YES;
				GCC_WARN_UNINITIALIZED_AUTOS = YES_AGGRESSIVE;
				GCC_WARN_UNUSED_FUNCTION = YES;
				GCC_WARN_UNUSED_VARIABLE = YES;
				IPHONEOS_DEPLOYMENT_TARGET = 18.2;
				LOCALIZATION_PREFERS_STRING_CATALOGS = YES;
				MTL_ENABLE_DEBUG_INFO = INCLUDE_SOURCE;
				MTL_FAST_MATH = YES;
				ONLY_ACTIVE_ARCH = YES;
				SDKROOT = iphoneos;
				SWIFT_ACTIVE_COMPILATION_CONDITIONS = "DEBUG $(inherited)";
				SWIFT_OPTIMIZATION_LEVEL = "-Onone";
			};
			name = Debug;
		};
		268D97402E50B10A000B1B07 /* Release */ = {
			isa = XCBuildConfiguration;
			buildSettings = {
				ALWAYS_SEARCH_USER_PATHS = NO;
				ASSETCATALOG_COMPILER_GENERATE_SWIFT_ASSET_SYMBOL_EXTENSIONS = YES;
				CLANG_ANALYZER_NONNULL = YES;
				CLANG_ANALYZER_NUMBER_OBJECT_CONVERSION = YES_AGGRESSIVE;
				CLANG_CXX_LANGUAGE_STANDARD = "gnu++20";
				CLANG_ENABLE_MODULES = YES;
				CLANG_ENABLE_OBJC_ARC = YES;
				CLANG_ENABLE_OBJC_WEAK = YES;
				CLANG_WARN_BLOCK_CAPTURE_AUTORELEASING = YES;
				CLANG_WARN_BOOL_CONVERSION = YES;
				CLANG_WARN_COMMA = YES;
				CLANG_WARN_CONSTANT_CONVERSION = YES;
				CLANG_WARN_DEPRECATED_OBJC_IMPLEMENTATIONS = YES;
				CLANG_WARN_DIRECT_OBJC_ISA_USAGE = YES_ERROR;
				CLANG_WARN_DOCUMENTATION_COMMENTS = YES;
				CLANG_WARN_EMPTY_BODY = YES;
				CLANG_WARN_ENUM_CONVERSION = YES;
				CLANG_WARN_INFINITE_RECURSION = YES;
				CLANG_WARN_INT_CONVERSION = YES;
				CLANG_WARN_NON_LITERAL_NULL_CONVERSION = YES;
				CLANG_WARN_OBJC_IMPLICIT_RETAIN_SELF = YES;
				CLANG_WARN_OBJC_LITERAL_CONVERSION = YES;
				CLANG_WARN_OBJC_ROOT_CLASS = YES_ERROR;
				CLANG_WARN_QUOTED_INCLUDE_IN_FRAMEWORK_HEADER = YES;
				CLANG_WARN_RANGE_LOOP_ANALYSIS = YES;
				CLANG_WARN_STRICT_PROTOTYPES = YES;
				CLANG_WARN_SUSPICIOUS_MOVE = YES;
				CLANG_WARN_UNGUARDED_AVAILABILITY = YES_AGGRESSIVE;
				CLANG_WARN_UNREACHABLE_CODE = YES;
				CLANG_WARN__DUPLICATE_METHOD_MATCH = YES;
				COPY_PHASE_STRIP = NO;
				DEBUG_INFORMATION_FORMAT = "dwarf-with-dsym";
				ENABLE_NS_ASSERTIONS = NO;
				ENABLE_STRICT_OBJC_MSGSEND = YES;
				ENABLE_USER_SCRIPT_SANDBOXING = YES;
				GCC_C_LANGUAGE_STANDARD = gnu17;
				GCC_NO_COMMON_BLOCKS = YES;
				GCC_WARN_64_TO_32_BIT_CONVERSION = YES;
				GCC_WARN_ABOUT_RETURN_TYPE = YES_ERROR;
				GCC_WARN_UNDECLARED_SELECTOR = YES;
				GCC_WARN_UNINITIALIZED_AUTOS = YES_AGGRESSIVE;
				GCC_WARN_UNUSED_FUNCTION = YES;
				GCC_WARN_UNUSED_VARIABLE = YES;
				IPHONEOS_DEPLOYMENT_TARGET = 18.2;
				LOCALIZATION_PREFERS_STRING_CATALOGS = YES;
				MTL_ENABLE_DEBUG_INFO = NO;
				MTL_FAST_MATH = YES;
				SDKROOT = iphoneos;
				SWIFT_COMPILATION_MODE = wholemodule;
				VALIDATE_PRODUCT = YES;
			};
			name = Release;
		};
		268D97422E50B10A000B1B07 /* Debug */ = {
			isa = XCBuildConfiguration;
			buildSettings = {
				ASSETCATALOG_COMPILER_APPICON_NAME = AppIcon;
				ASSETCATALOG_COMPILER_GLOBAL_ACCENT_COLOR_NAME = AccentColor;
				CODE_SIGN_STYLE = Automatic;
				CURRENT_PROJECT_VERSION = 1;
				DEVELOPMENT_ASSET_PATHS = "";
				DEVELOPMENT_TEAM = 34X7FPB8T6;
				ENABLE_PREVIEWS = YES;
				GENERATE_INFOPLIST_FILE = YES;
				INFOPLIST_KEY_UIApplicationSceneManifest_Generation = YES;
				INFOPLIST_KEY_UIApplicationSupportsIndirectInputEvents = YES;
				INFOPLIST_KEY_UILaunchScreen_Generation = YES;
				INFOPLIST_KEY_UILaunchStoryboardName = LaunchScreen;
				INFOPLIST_KEY_UISupportedInterfaceOrientations_iPad = "UIInterfaceOrientationPortrait UIInterfaceOrientationPortraitUpsideDown UIInterfaceOrientationLandscapeLeft UIInterfaceOrientationLandscapeRight";
				INFOPLIST_KEY_UISupportedInterfaceOrientations_iPhone = "UIInterfaceOrientationPortrait UIInterfaceOrientationLandscapeLeft UIInterfaceOrientationLandscapeRight";
				LD_RUNPATH_SEARCH_PATHS = (
					"$(inherited)",
					"@executable_path/Frameworks",
				);
				MARKETING_VERSION = 1.0;
				PRODUCT_BUNDLE_IDENTIFIER = com.Athletes.Kitman;
				PRODUCT_NAME = "$(TARGET_NAME)";
				SWIFT_EMIT_LOC_STRINGS = YES;
				SWIFT_VERSION = 5.0;
				TARGETED_DEVICE_FAMILY = "1,2";
			};
			name = Debug;
		};
		268D97432E50B10A000B1B07 /* Release */ = {
			isa = XCBuildConfiguration;
			buildSettings = {
				ASSETCATALOG_COMPILER_APPICON_NAME = AppIcon;
				ASSETCATALOG_COMPILER_GLOBAL_ACCENT_COLOR_NAME = AccentColor;
				CODE_SIGN_STYLE = Automatic;
				CURRENT_PROJECT_VERSION = 1;
				DEVELOPMENT_ASSET_PATHS = "";
				DEVELOPMENT_TEAM = 34X7FPB8T6;
				ENABLE_PREVIEWS = YES;
				GENERATE_INFOPLIST_FILE = YES;
				INFOPLIST_KEY_UIApplicationSceneManifest_Generation = YES;
				INFOPLIST_KEY_UIApplicationSupportsIndirectInputEvents = YES;
				INFOPLIST_KEY_UILaunchScreen_Generation = YES;
				INFOPLIST_KEY_UILaunchStoryboardName = LaunchScreen;
				INFOPLIST_KEY_UISupportedInterfaceOrientations_iPad = "UIInterfaceOrientationPortrait UIInterfaceOrientationPortraitUpsideDown UIInterfaceOrientationLandscapeLeft UIInterfaceOrientationLandscapeRight";
				INFOPLIST_KEY_UISupportedInterfaceOrientations_iPhone = "UIInterfaceOrientationPortrait UIInterfaceOrientationLandscapeLeft UIInterfaceOrientationLandscapeRight";
				LD_RUNPATH_SEARCH_PATHS = (
					"$(inherited)",
					"@executable_path/Frameworks",
				);
				MARKETING_VERSION = 1.0;
				PRODUCT_BUNDLE_IDENTIFIER = com.Athletes.Kitman;
				PRODUCT_NAME = "$(TARGET_NAME)";
				SWIFT_EMIT_LOC_STRINGS = YES;
				SWIFT_VERSION = 5.0;
				TARGETED_DEVICE_FAMILY = "1,2";
			};
			name = Release;
		};
		268D97452E50B10A000B1B07 /* Debug */ = {
			isa = XCBuildConfiguration;
			buildSettings = {
				BUNDLE_LOADER = "$(TEST_HOST)";
				CODE_SIGN_STYLE = Automatic;
				CURRENT_PROJECT_VERSION = 1;
				DEVELOPMENT_TEAM = 34X7FPB8T6;
				GENERATE_INFOPLIST_FILE = YES;
				IPHONEOS_DEPLOYMENT_TARGET = 18.2;
				MARKETING_VERSION = 1.0;
				PRODUCT_BUNDLE_IDENTIFIER = com.skyeapps.Athletes.KitmanAthletesTests;
				PRODUCT_NAME = "$(TARGET_NAME)";
				SWIFT_EMIT_LOC_STRINGS = NO;
				SWIFT_VERSION = 5.0;
				TARGETED_DEVICE_FAMILY = "1,2";
				TEST_HOST = "$(BUILT_PRODUCTS_DIR)/KitmanAthletes.app/$(BUNDLE_EXECUTABLE_FOLDER_PATH)/KitmanAthletes";
			};
			name = Debug;
		};
		268D97462E50B10A000B1B07 /* Release */ = {
			isa = XCBuildConfiguration;
			buildSettings = {
				BUNDLE_LOADER = "$(TEST_HOST)";
				CODE_SIGN_STYLE = Automatic;
				CURRENT_PROJECT_VERSION = 1;
				DEVELOPMENT_TEAM = 34X7FPB8T6;
				GENERATE_INFOPLIST_FILE = YES;
				IPHONEOS_DEPLOYMENT_TARGET = 18.2;
				MARKETING_VERSION = 1.0;
				PRODUCT_BUNDLE_IDENTIFIER = com.skyeapps.Athletes.KitmanAthletesTests;
				PRODUCT_NAME = "$(TARGET_NAME)";
				SWIFT_EMIT_LOC_STRINGS = NO;
				SWIFT_VERSION = 5.0;
				TARGETED_DEVICE_FAMILY = "1,2";
				TEST_HOST = "$(BUILT_PRODUCTS_DIR)/KitmanAthletes.app/$(BUNDLE_EXECUTABLE_FOLDER_PATH)/KitmanAthletes";
			};
			name = Release;
		};
		268D97482E50B10A000B1B07 /* Debug */ = {
			isa = XCBuildConfiguration;
			buildSettings = {
				CODE_SIGN_STYLE = Automatic;
				CURRENT_PROJECT_VERSION = 1;
				DEVELOPMENT_TEAM = 34X7FPB8T6;
				GENERATE_INFOPLIST_FILE = YES;
				MARKETING_VERSION = 1.0;
				PRODUCT_BUNDLE_IDENTIFIER = com.skyeapps.Athletes.KitmanAthletesUITests;
				PRODUCT_NAME = "$(TARGET_NAME)";
				SWIFT_EMIT_LOC_STRINGS = NO;
				SWIFT_VERSION = 5.0;
				TARGETED_DEVICE_FAMILY = "1,2";
				TEST_TARGET_NAME = KitmanAthletes;
			};
			name = Debug;
		};
		268D97492E50B10A000B1B07 /* Release */ = {
			isa = XCBuildConfiguration;
			buildSettings = {
				CODE_SIGN_STYLE = Automatic;
				CURRENT_PROJECT_VERSION = 1;
				DEVELOPMENT_TEAM = 34X7FPB8T6;
				GENERATE_INFOPLIST_FILE = YES;
				MARKETING_VERSION = 1.0;
				PRODUCT_BUNDLE_IDENTIFIER = com.skyeapps.Athletes.KitmanAthletesUITests;
				PRODUCT_NAME = "$(TARGET_NAME)";
				SWIFT_EMIT_LOC_STRINGS = NO;
				SWIFT_VERSION = 5.0;
				TARGETED_DEVICE_FAMILY = "1,2";
				TEST_TARGET_NAME = KitmanAthletes;
			};
			name = Release;
		};
/* End XCBuildConfiguration section */

/* Begin XCConfigurationList section */
		268D97182E50B108000B1B07 /* Build configuration list for PBXProject "KitmanAthletes" */ = {
			isa = XCConfigurationList;
			buildConfigurations = (
				268D973F2E50B10A000B1B07 /* Debug */,
				268D97402E50B10A000B1B07 /* Release */,
			);
			defaultConfigurationIsVisible = 0;
			defaultConfigurationName = Release;
		};
		268D97412E50B10A000B1B07 /* Build configuration list for PBXNativeTarget "KitmanAthletes" */ = {
			isa = XCConfigurationList;
			buildConfigurations = (
				268D97422E50B10A000B1B07 /* Debug */,
				268D97432E50B10A000B1B07 /* Release */,
			);
			defaultConfigurationIsVisible = 0;
			defaultConfigurationName = Release;
		};
		268D97442E50B10A000B1B07 /* Build configuration list for PBXNativeTarget "KitmanAthletesTests" */ = {
			isa = XCConfigurationList;
			buildConfigurations = (
				268D97452E50B10A000B1B07 /* Debug */,
				268D97462E50B10A000B1B07 /* Release */,
			);
			defaultConfigurationIsVisible = 0;
			defaultConfigurationName = Release;
		};
		268D97472E50B10A000B1B07 /* Build configuration list for PBXNativeTarget "KitmanAthletesUITests" */ = {
			isa = XCConfigurationList;
			buildConfigurations = (
				268D97482E50B10A000B1B07 /* Debug */,
				268D97492E50B10A000B1B07 /* Release */,
			);
			defaultConfigurationIsVisible = 0;
			defaultConfigurationName = Release;
		};
/* End XCConfigurationList section */
	};
	rootObject = 268D97152E50B108000B1B07 /* Project object */;
}
